
Microsoft Visual Studio Solution File, Format Version 12.00
# Visual Studio Version 16
VisualStudioVersion = 16.0.32510.428
MinimumVisualStudioVersion = 10.0.40219.1
Project("{FAE04EC0-301F-11D3-BF4B-00C04F79EFBC}") = "TruYumCaseStudyMVC", "TruYumCaseStudyMVC.csproj", "{F58C1342-2D30-4815-BE19-D19344A1F6F6}"
EndProject
Global
	GlobalSection(SolutionConfigurationPlatforms) = preSolution
		Debug|Any CPU = Debug|Any CPU
		Release|Any CPU = Release|Any CPU
	EndGlobalSection
	GlobalSection(ProjectConfigurationPlatforms) = postSolution
		{F58C1342-2D30-4815-BE19-D19344A1F6F6}.Debug|Any CPU.ActiveCfg = Debug|Any CPU
		{F58C1342-2D30-4815-BE19-D19344A1F6F6}.Debug|Any CPU.Build.0 = Debug|Any CPU
		{F58C1342-2D30-4815-BE19-D19344A1F6F6}.Release|Any CPU.ActiveCfg = Release|Any CPU
		{F58C1342-2D30-4815-BE19-D19344A1F6F6}.Release|Any CPU.Build.0 = Release|Any CPU
	EndGlobalSection
	GlobalSection(SolutionProperties) = preSolution
		HideSolutionNode = FALSE
	EndGlobalSection
	GlobalSection(ExtensibilityGlobals) = postSolution
		SolutionGuid = {A175DDFB-349C-48CB-83A9-3E7414278586}
	EndGlobalSection
EndGlobal
